{
  "name": "example",
  "version": "0.0.0",
  "lockfileVersion": 1,
  "requires": true,
  "dependencies": {
    "@ant-design-vue/use": {
      "version": "0.0.1-alpha.8",
      "resolved": "https://registry.npm.taobao.org/@ant-design-vue/use/download/@ant-design-vue/use-0.0.1-alpha.8.tgz",
      "integrity": "sha1-f9ihuKCVN3/bUMwg4fwvaBReScQ=",
      "requires": {
        "async-validator": "^3.4.0",
        "lodash-es": "^4.17.15",
        "resize-observer-polyfill": "^1.5.1",
        "vue": "^3.0.0"
      },
      "dependencies": {
        "vue": {
          "version": "3.0.5",
          "resolved": "https://registry.npm.taobao.org/vue/download/vue-3.0.5.tgz?cache=0&sync_timestamp=1609359858533&other_urls=https%3A%2F%2Fregistry.npm.taobao.org%2Fvue%2Fdownload%2Fvue-3.0.5.tgz",
          "integrity": "sha1-3huC66JKv+ceCXD8m41LK6vcP+E=",
          "requires": {
            "@vue/compiler-dom": "3.0.5",
            "@vue/runtime-dom": "3.0.5",
            "@vue/shared": "3.0.5"
          }
        }
      }
    },
    "@ant-design/colors": {
      "version": "5.0.1",
      "resolved": "https://registry.npm.taobao.org/@ant-design/colors/download/@ant-design/colors-5.0.1.tgz?cache=0&sync_timestamp=1607912315102&other_urls=https%3A%2F%2Fregistry.npm.taobao.org%2F%40ant-design%2Fcolors%2Fdownload%2F%40ant-design%2Fcolors-5.0.1.tgz",
      "integrity": "sha1-CWcPL0SnRz17wBvpAcSOwQ8Sx6Q=",
      "requires": {
        "@ctrl/tinycolor": "^3.3.1"
      }
    },
    "@ant-design/icons-svg": {
      "version": "4.1.0",
      "resolved": "https://registry.npm.taobao.org/@ant-design/icons-svg/download/@ant-design/icons-svg-4.1.0.tgz",
      "integrity": "sha1-SAsCX0sg73/o9H1KSEbk/uhOoGw="
    },
    "@ant-design/icons-vue": {
      "version": "5.1.9",
      "resolved": "https://registry.npm.taobao.org/@ant-design/icons-vue/download/@ant-design/icons-vue-5.1.9.tgz?cache=0&sync_timestamp=1610022711056&other_urls=https%3A%2F%2Fregistry.npm.taobao.org%2F%40ant-design%2Ficons-vue%2Fdownload%2F%40ant-design%2Ficons-vue-5.1.9.tgz",
      "integrity": "sha1-jXQaMpC+Ya98cWGMMIzBqUbE5DQ=",
      "requires": {
        "@ant-design/colors": "^5.0.0",
        "@ant-design/icons-svg": "^4.0.0",
        "@babel/runtime": "^7.10.4",
        "@types/lodash": "^4.14.165",
        "lodash": "^4.17.15"
      }
    },
    "@babel/helper-validator-identifier": {
      "version": "7.12.11",
      "resolved": "https://registry.npm.taobao.org/@babel/helper-validator-identifier/download/@babel/helper-validator-identifier-7.12.11.tgz",
      "integrity": "sha1-yaHwIZF9y1zPDU5FPjmQIpgfye0="
    },
    "@babel/parser": {
      "version": "7.12.11",
      "resolved": "https://registry.npm.taobao.org/@babel/parser/download/@babel/parser-7.12.11.tgz?cache=0&sync_timestamp=1608076801657&other_urls=https%3A%2F%2Fregistry.npm.taobao.org%2F%40babel%2Fparser%2Fdownload%2F%40babel%2Fparser-7.12.11.tgz",
      "integrity": "sha1-nONZW810vFxGaQXobFNbiyUBHnk="
    },
    "@babel/runtime": {
      "version": "7.12.5",
      "resolved": "https://registry.npm.taobao.org/@babel/runtime/download/@babel/runtime-7.12.5.tgz",
      "integrity": "sha1-QQ5+SHRB4bNgwpvnFdhw2bmFiC4=",
      "requires": {
        "regenerator-runtime": "^0.13.4"
      }
    },
    "@babel/types": {
      "version": "7.12.12",
      "resolved": "https://registry.npm.taobao.org/@babel/types/download/@babel/types-7.12.12.tgz?cache=0&sync_timestamp=1608730513422&other_urls=https%3A%2F%2Fregistry.npm.taobao.org%2F%40babel%2Ftypes%2Fdownload%2F%40babel%2Ftypes-7.12.12.tgz",
      "integrity": "sha1-Rgim7DE6u9h6+lUATTc60EqWwpk=",
      "requires": {
        "@babel/helper-validator-identifier": "^7.12.11",
        "lodash": "^4.17.19",
        "to-fast-properties": "^2.0.0"
      }
    },
    "@ctrl/tinycolor": {
      "version": "3.3.2",
      "resolved": "https://registry.npm.taobao.org/@ctrl/tinycolor/download/@ctrl/tinycolor-3.3.2.tgz",
      "integrity": "sha1-kCxMfmtIVT5Pg8DBxWWmsHGwJSA="
    },
    "@popperjs/core": {
      "version": "2.6.0",
      "resolved": "https://registry.npm.taobao.org/@popperjs/core/download/@popperjs/core-2.6.0.tgz",
      "integrity": "sha1-8CIZWv38lC4IjuIQEoWh0xx9cn8="
    },
    "@simonwep/pickr": {
      "version": "1.7.4",
      "resolved": "https://registry.npm.taobao.org/@simonwep/pickr/download/@simonwep/pickr-1.7.4.tgz",
      "integrity": "sha1-sU/NlFiQOIuHDNbbTWx41THyUUE=",
      "requires": {
        "core-js": "^3.6.5",
        "nanopop": "^2.1.0"
      }
    },
    "@types/lodash": {
      "version": "4.14.167",
      "resolved": "https://registry.npm.taobao.org/@types/lodash/download/@types/lodash-4.14.167.tgz?cache=0&sync_timestamp=1609522241667&other_urls=https%3A%2F%2Fregistry.npm.taobao.org%2F%40types%2Flodash%2Fdownload%2F%40types%2Flodash-4.14.167.tgz",
      "integrity": "sha1-zn14VT48iG1OpkPDfsftwg8Wdl4="
    },
    "@vant/icons": {
      "version": "1.5.0",
      "resolved": "https://registry.npm.taobao.org/@vant/icons/download/@vant/icons-1.5.0.tgz?cache=0&sync_timestamp=1608190325449&other_urls=https%3A%2F%2Fregistry.npm.taobao.org%2F%40vant%2Ficons%2Fdownload%2F%40vant%2Ficons-1.5.0.tgz",
      "integrity": "sha1-znii8FWhpAmRKbtsRNVFhPN0Dic="
    },
    "@vant/lazyload": {
      "version": "1.0.2",
      "resolved": "https://registry.npm.taobao.org/@vant/lazyload/download/@vant/lazyload-1.0.2.tgz",
      "integrity": "sha1-HKSGvuK5RlrgBaiAFL7oc6ZH92M="
    },
    "@vant/popperjs": {
      "version": "1.0.2",
      "resolved": "https://registry.npm.taobao.org/@vant/popperjs/download/@vant/popperjs-1.0.2.tgz",
      "integrity": "sha1-Ui1xZWI1Elo64I6ccBo7rm/YjXs=",
      "requires": {
        "@popperjs/core": "^2.5.4"
      }
    },
    "@vant/use": {
      "version": "1.0.2",
      "resolved": "https://registry.npm.taobao.org/@vant/use/download/@vant/use-1.0.2.tgz",
      "integrity": "sha1-dUhq7fNTk4K6qSLHfuuKLiOUqUg=",
      "requires": {
        "@babel/runtime": "7.x"
      }
    },
    "@vitejs/plugin-vue": {
      "version": "1.0.6",
      "resolved": "https://registry.npm.taobao.org/@vitejs/plugin-vue/download/@vitejs/plugin-vue-1.0.6.tgz",
      "integrity": "sha1-aYr6Wnem3NIs93V4AfRqbwHNu1M=",
      "dev": true
    },
    "@vue/compiler-core": {
      "version": "3.0.5",
      "resolved": "https://registry.npm.taobao.org/@vue/compiler-core/download/@vue/compiler-core-3.0.5.tgz",
      "integrity": "sha1-puVMq+lTbnTGUTrNJknzEa8dQ6w=",
      "requires": {
        "@babel/parser": "^7.12.0",
        "@babel/types": "^7.12.0",
        "@vue/shared": "3.0.5",
        "estree-walker": "^2.0.1",
        "source-map": "^0.6.1"
      }
    },
    "@vue/compiler-dom": {
      "version": "3.0.5",
      "resolved": "https://registry.npm.taobao.org/@vue/compiler-dom/download/@vue/compiler-dom-3.0.5.tgz",
      "integrity": "sha1-eIWhPm0Y9k3ejrzuwFLtLBAmlsI=",
      "requires": {
        "@vue/compiler-core": "3.0.5",
        "@vue/shared": "3.0.5"
      }
    },
    "@vue/compiler-sfc": {
      "version": "3.0.5",
      "resolved": "https://registry.npm.taobao.org/@vue/compiler-sfc/download/@vue/compiler-sfc-3.0.5.tgz",
      "integrity": "sha1-OuCOYCRKcvr5WYNhh0+3vbWx03w=",
      "dev": true,
      "requires": {
        "@babel/parser": "^7.12.0",
        "@babel/types": "^7.12.0",
        "@vue/compiler-core": "3.0.5",
        "@vue/compiler-dom": "3.0.5",
        "@vue/compiler-ssr": "3.0.5",
        "@vue/shared": "3.0.5",
        "consolidate": "^0.16.0",
        "estree-walker": "^2.0.1",
        "hash-sum": "^2.0.0",
        "lru-cache": "^5.1.1",
        "magic-string": "^0.25.7",
        "merge-source-map": "^1.1.0",
        "postcss": "^7.0.32",
        "postcss-modules": "^3.2.2",
        "postcss-selector-parser": "^6.0.4",
        "source-map": "^0.6.1"
      }
    },
    "@vue/compiler-ssr": {
      "version": "3.0.5",
      "resolved": "https://registry.npm.taobao.org/@vue/compiler-ssr/download/@vue/compiler-ssr-3.0.5.tgz",
      "integrity": "sha1-dmGtiRoL6UhybH960eQlJTxYe4M=",
      "dev": true,
      "requires": {
        "@vue/compiler-dom": "3.0.5",
        "@vue/shared": "3.0.5"
      }
    },
    "@vue/reactivity": {
      "version": "3.0.5",
      "resolved": "https://registry.npm.taobao.org/@vue/reactivity/download/@vue/reactivity-3.0.5.tgz",
      "integrity": "sha1-43ieTVI9hF+a4LTXcOK0VZR0L9I=",
      "requires": {
        "@vue/shared": "3.0.5"
      }
    },
    "@vue/runtime-core": {
      "version": "3.0.5",
      "resolved": "https://registry.npm.taobao.org/@vue/runtime-core/download/@vue/runtime-core-3.0.5.tgz",
      "integrity": "sha1-2mMx1fMA1XlOng69yKi9cqnhmWI=",
      "requires": {
        "@vue/reactivity": "3.0.5",
        "@vue/shared": "3.0.5"
      }
    },
    "@vue/runtime-dom": {
      "version": "3.0.5",
      "resolved": "https://registry.npm.taobao.org/@vue/runtime-dom/download/@vue/runtime-dom-3.0.5.tgz",
      "integrity": "sha1-HOLJxEniarBpY9oAZAluiCp6iTU=",
      "requires": {
        "@vue/runtime-core": "3.0.5",
        "@vue/shared": "3.0.5",
        "csstype": "^2.6.8"
      }
    },
    "@vue/shared": {
      "version": "3.0.5",
      "resolved": "https://registry.npm.taobao.org/@vue/shared/download/@vue/shared-3.0.5.tgz",
      "integrity": "sha1-wTHYi9ZxPMTZOzuxNy7bGYMiX/A="
    },
    "ansi-styles": {
      "version": "3.2.1",
      "resolved": "https://registry.npm.taobao.org/ansi-styles/download/ansi-styles-3.2.1.tgz?cache=0&sync_timestamp=1606792322351&other_urls=https%3A%2F%2Fregistry.npm.taobao.org%2Fansi-styles%2Fdownload%2Fansi-styles-3.2.1.tgz",
      "integrity": "sha1-QfuyAkPlCxK+DwS43tvwdSDOhB0=",
      "dev": true,
      "requires": {
        "color-convert": "^1.9.0"
      }
    },
    "ant-design-vue": {
      "version": "2.0.0-rc.8",
      "resolved": "https://registry.npm.taobao.org/ant-design-vue/download/ant-design-vue-2.0.0-rc.8.tgz?cache=0&sync_timestamp=1610025544734&other_urls=https%3A%2F%2Fregistry.npm.taobao.org%2Fant-design-vue%2Fdownload%2Fant-design-vue-2.0.0-rc.8.tgz",
      "integrity": "sha1-DyGa7bJ/F5ciiqt5+72DKKc4mp8=",
      "requires": {
        "@ant-design-vue/use": "^0.0.1-0",
        "@ant-design/icons-vue": "^5.1.9",
        "@babel/runtime": "^7.10.5",
        "@simonwep/pickr": "~1.7.0",
        "array-tree-filter": "^2.1.0",
        "async-validator": "^3.3.0",
        "dom-align": "^1.10.4",
        "dom-scroll-into-view": "^2.0.0",
        "is-mobile": "^2.2.1",
        "lodash-es": "^4.17.15",
        "moment": "^2.27.0",
        "omit.js": "^2.0.0",
        "resize-observer-polyfill": "^1.5.1",
        "scroll-into-view-if-needed": "^2.2.25",
        "shallow-equal": "^1.0.0",
        "vue-types": "^3.0.0",
        "warning": "^4.0.0"
      }
    },
    "array-tree-filter": {
      "version": "2.1.0",
      "resolved": "https://registry.npm.taobao.org/array-tree-filter/download/array-tree-filter-2.1.0.tgz",
      "integrity": "sha1-hzrAD+yDdJ8lWsjdCDgUtPYykZA="
    },
    "async-validator": {
      "version": "3.5.1",
      "resolved": "https://registry.npm.taobao.org/async-validator/download/async-validator-3.5.1.tgz?cache=0&sync_timestamp=1605751734916&other_urls=https%3A%2F%2Fregistry.npm.taobao.org%2Fasync-validator%2Fdownload%2Fasync-validator-3.5.1.tgz",
      "integrity": "sha1-zWK5aIskZfSEIOJ620d2CrG1VZ8="
    },
    "big.js": {
      "version": "5.2.2",
      "resolved": "https://registry.npm.taobao.org/big.js/download/big.js-5.2.2.tgz",
      "integrity": "sha1-ZfCvOC9Xi83HQr2cKB6cstd2gyg=",
      "dev": true
    },
    "bluebird": {
      "version": "3.7.2",
      "resolved": "https://registry.npm.taobao.org/bluebird/download/bluebird-3.7.2.tgz",
      "integrity": "sha1-nyKcFb4nJFT/qXOs4NvueaGww28=",
      "dev": true
    },
    "chalk": {
      "version": "2.4.2",
      "resolved": "https://registry.npm.taobao.org/chalk/download/chalk-2.4.2.tgz?cache=0&sync_timestamp=1591687126086&other_urls=https%3A%2F%2Fregistry.npm.taobao.org%2Fchalk%2Fdownload%2Fchalk-2.4.2.tgz",
      "integrity": "sha1-zUJUFnelQzPPVBpJEIwUMrRMlCQ=",
      "dev": true,
      "requires": {
        "ansi-styles": "^3.2.1",
        "escape-string-regexp": "^1.0.5",
        "supports-color": "^5.3.0"
      },
      "dependencies": {
        "supports-color": {
          "version": "5.5.0",
          "resolved": "https://registry.npm.taobao.org/supports-color/download/supports-color-5.5.0.tgz",
          "integrity": "sha1-4uaaRKyHcveKHsCzW2id9lMO/I8=",
          "dev": true,
          "requires": {
            "has-flag": "^3.0.0"
          }
        }
      }
    },
    "color-convert": {
      "version": "1.9.3",
      "resolved": "https://registry.npm.taobao.org/color-convert/download/color-convert-1.9.3.tgz?cache=0&sync_timestamp=1566248756583&other_urls=https%3A%2F%2Fregistry.npm.taobao.org%2Fcolor-convert%2Fdownload%2Fcolor-convert-1.9.3.tgz",
      "integrity": "sha1-u3GFBpDh8TZWfeYp0tVHHe2kweg=",
      "dev": true,
      "requires": {
        "color-name": "1.1.3"
      }
    },
    "color-name": {
      "version": "1.1.3",
      "resolved": "https://registry.npm.taobao.org/color-name/download/color-name-1.1.3.tgz",
      "integrity": "sha1-p9BVi9icQveV3UIyj3QIMcpTvCU=",
      "dev": true
    },
    "colorette": {
      "version": "1.2.1",
      "resolved": "https://registry.npm.taobao.org/colorette/download/colorette-1.2.1.tgz",
      "integrity": "sha1-TQuSEyXBT6+SYzCGpTbbbolWSxs=",
      "dev": true
    },
    "compute-scroll-into-view": {
      "version": "1.0.16",
      "resolved": "https://registry.npm.taobao.org/compute-scroll-into-view/download/compute-scroll-into-view-1.0.16.tgz?cache=0&sync_timestamp=1599054586438&other_urls=https%3A%2F%2Fregistry.npm.taobao.org%2Fcompute-scroll-into-view%2Fdownload%2Fcompute-scroll-into-view-1.0.16.tgz",
      "integrity": "sha1-W3v09xJ+osGbdQNT185ndqkO4Ig="
    },
    "consolidate": {
      "version": "0.16.0",
      "resolved": "https://registry.npm.taobao.org/consolidate/download/consolidate-0.16.0.tgz",
      "integrity": "sha1-oRhkdokw8vGUMWYKZZBmaPX73BY=",
      "dev": true,
      "requires": {
        "bluebird": "^3.7.2"
      }
    },
    "core-js": {
      "version": "3.8.2",
      "resolved": "https://registry.npm.taobao.org/core-js/download/core-js-3.8.2.tgz",
      "integrity": "sha1-Ch/WcJJG2pyo7/W7DL0V+6mscEQ="
    },
    "cssesc": {
      "version": "3.0.0",
      "resolved": "https://registry.npm.taobao.org/cssesc/download/cssesc-3.0.0.tgz",
      "integrity": "sha1-N3QZGZA7hoVl4cCep0dEXNGJg+4=",
      "dev": true
    },
    "csstype": {
      "version": "2.6.14",
      "resolved": "https://registry.npm.taobao.org/csstype/download/csstype-2.6.14.tgz",
      "integrity": "sha1-AEgipAUDRbVa1NzAC+HZzy9Clt4="
    },
    "dayjs": {
      "version": "1.10.3",
      "resolved": "https://registry.npm.taobao.org/dayjs/download/dayjs-1.10.3.tgz?cache=0&sync_timestamp=1610178130567&other_urls=https%3A%2F%2Fregistry.npm.taobao.org%2Fdayjs%2Fdownload%2Fdayjs-1.10.3.tgz",
      "integrity": "sha1-zzNXyOf1CEMoJjcWcuvzdst9YZs="
    },
    "dom-align": {
      "version": "1.12.0",
      "resolved": "https://registry.npm.taobao.org/dom-align/download/dom-align-1.12.0.tgz",
      "integrity": "sha1-VvtxVt8LkQmYMDZNLUj4iWP1opw="
    },
    "dom-scroll-into-view": {
      "version": "2.0.1",
      "resolved": "https://registry.npm.taobao.org/dom-scroll-into-view/download/dom-scroll-into-view-2.0.1.tgz",
      "integrity": "sha1-DezIUigB/Y0/HGujVadNOCxfmJs="
    },
    "element-plus": {
      "version": "1.0.1-beta.27",
      "resolved": "https://registry.npm.taobao.org/element-plus/download/element-plus-1.0.1-beta.27.tgz",
      "integrity": "sha1-9+qGPiqF9A0L/M2aP3eMiDqESAI=",
      "requires": {
        "@popperjs/core": "^2.4.4",
        "async-validator": "^3.4.0",
        "dayjs": "1.x",
        "lodash": "^4.17.20",
        "mitt": "^2.1.0",
        "normalize-wheel": "^1.0.1",
        "resize-observer-polyfill": "^1.5.1"
      }
    },
    "emojis-list": {
      "version": "3.0.0",
      "resolved": "https://registry.npm.taobao.org/emojis-list/download/emojis-list-3.0.0.tgz",
      "integrity": "sha1-VXBmIEatKeLpFucariYKvf9Pang=",
      "dev": true
    },
    "esbuild": {
      "version": "0.8.32",
      "resolved": "https://registry.npm.taobao.org/esbuild/download/esbuild-0.8.32.tgz",
      "integrity": "sha1-09Z56kF5JfevqrN1VeUgcN8xc1U=",
      "dev": true
    },
    "escape-string-regexp": {
      "version": "1.0.5",
      "resolved": "https://registry.npm.taobao.org/escape-string-regexp/download/escape-string-regexp-1.0.5.tgz",
      "integrity": "sha1-G2HAViGQqN/2rjuyzwIAyhMLhtQ=",
      "dev": true
    },
    "estree-walker": {
      "version": "2.0.2",
      "resolved": "https://registry.npm.taobao.org/estree-walker/download/estree-walker-2.0.2.tgz",
      "integrity": "sha1-UvAQF4wqTBF6d1fP6UKtt9LaTKw="
    },
    "fsevents": {
      "version": "2.1.3",
      "resolved": "https://registry.npm.taobao.org/fsevents/download/fsevents-2.1.3.tgz",
      "integrity": "sha1-+3OHA66NL5/pAMM4Nt3r7ouX8j4=",
      "dev": true,
      "optional": true
    },
    "function-bind": {
      "version": "1.1.1",
      "resolved": "https://registry.npm.taobao.org/function-bind/download/function-bind-1.1.1.tgz",
      "integrity": "sha1-pWiZ0+o8m6uHS7l3O3xe3pL0iV0=",
      "dev": true
    },
    "generic-names": {
      "version": "2.0.1",
      "resolved": "https://registry.npm.taobao.org/generic-names/download/generic-names-2.0.1.tgz",
      "integrity": "sha1-+KN46tLMqno08DF7BVVIMq5BuHI=",
      "dev": true,
      "requires": {
        "loader-utils": "^1.1.0"
      }
    },
    "has": {
      "version": "1.0.3",
      "resolved": "https://registry.npm.taobao.org/has/download/has-1.0.3.tgz",
      "integrity": "sha1-ci18v8H2qoJB8W3YFOAR4fQeh5Y=",
      "dev": true,
      "requires": {
        "function-bind": "^1.1.1"
      }
    },
    "has-flag": {
      "version": "3.0.0",
      "resolved": "https://registry.npm.taobao.org/has-flag/download/has-flag-3.0.0.tgz",
      "integrity": "sha1-tdRU3CGZriJWmfNGfloH87lVuv0=",
      "dev": true
    },
    "hash-sum": {
      "version": "2.0.0",
      "resolved": "https://registry.npm.taobao.org/hash-sum/download/hash-sum-2.0.0.tgz",
      "integrity": "sha1-gdAbtd6OpKIUrV1urRtSNGCwtFo=",
      "dev": true
    },
    "icss-replace-symbols": {
      "version": "1.1.0",
      "resolved": "https://registry.npm.taobao.org/icss-replace-symbols/download/icss-replace-symbols-1.1.0.tgz",
      "integrity": "sha1-Bupvg2ead0njhs/h/oEq5dsiPe0=",
      "dev": true
    },
    "icss-utils": {
      "version": "4.1.1",
      "resolved": "https://registry.npm.taobao.org/icss-utils/download/icss-utils-4.1.1.tgz",
      "integrity": "sha1-IRcLU3ie4nRHwvR91oMIFAP5pGc=",
      "dev": true,
      "requires": {
        "postcss": "^7.0.14"
      }
    },
    "indexes-of": {
      "version": "1.0.1",
      "resolved": "https://registry.npm.taobao.org/indexes-of/download/indexes-of-1.0.1.tgz",
      "integrity": "sha1-8w9xbI4r00bHtn0985FVZqfAVgc=",
      "dev": true
    },
    "is-core-module": {
      "version": "2.2.0",
      "resolved": "https://registry.npm.taobao.org/is-core-module/download/is-core-module-2.2.0.tgz",
      "integrity": "sha1-lwN+89UiJNhRY/VZeytj2a/tmBo=",
      "dev": true,
      "requires": {
        "has": "^1.0.3"
      }
    },
    "is-mobile": {
      "version": "2.2.2",
      "resolved": "https://registry.npm.taobao.org/is-mobile/download/is-mobile-2.2.2.tgz",
      "integrity": "sha1-9snF1Q7gElTOBec5vdg18e1OmVQ="
    },
    "is-plain-object": {
      "version": "3.0.1",
      "resolved": "https://registry.npm.taobao.org/is-plain-object/download/is-plain-object-3.0.1.tgz",
      "integrity": "sha1-Zi2S0kwKpDAkB7DUXSHyJRyF+Fs="
    },
    "js-tokens": {
      "version": "4.0.0",
      "resolved": "https://registry.npm.taobao.org/js-tokens/download/js-tokens-4.0.0.tgz",
      "integrity": "sha1-GSA/tZmR35jjoocFDUZHzerzJJk="
    },
    "json5": {
      "version": "1.0.1",
      "resolved": "https://registry.npm.taobao.org/json5/download/json5-1.0.1.tgz",
      "integrity": "sha1-d5+wAYYE+oVOrL9iUhgNg1Q+Pb4=",
      "dev": true,
      "requires": {
        "minimist": "^1.2.0"
      }
    },
    "loader-utils": {
      "version": "1.4.0",
      "resolved": "https://registry.npm.taobao.org/loader-utils/download/loader-utils-1.4.0.tgz",
      "integrity": "sha1-xXm140yzSxp07cbB+za/o3HVphM=",
      "dev": true,
      "requires": {
        "big.js": "^5.2.2",
        "emojis-list": "^3.0.0",
        "json5": "^1.0.1"
      }
    },
    "lodash": {
      "version": "4.17.20",
      "resolved": "https://registry.npm.taobao.org/lodash/download/lodash-4.17.20.tgz",
      "integrity": "sha1-tEqbYpe8tpjxxRo1RaKzs2jVnFI="
    },
    "lodash-es": {
      "version": "4.17.20",
      "resolved": "https://registry.npm.taobao.org/lodash-es/download/lodash-es-4.17.20.tgz?cache=0&sync_timestamp=1608444888079&other_urls=https%3A%2F%2Fregistry.npm.taobao.org%2Flodash-es%2Fdownload%2Flodash-es-4.17.20.tgz",
      "integrity": "sha1-KfYzLu/GDoSfhpwmS8cRJq1h6Pc="
    },
    "lodash.camelcase": {
      "version": "4.3.0",
      "resolved": "https://registry.npm.taobao.org/lodash.camelcase/download/lodash.camelcase-4.3.0.tgz",
      "integrity": "sha1-soqmKIorn8ZRA1x3EfZathkDMaY=",
      "dev": true
    },
    "loose-envify": {
      "version": "1.4.0",
      "resolved": "https://registry.npm.taobao.org/loose-envify/download/loose-envify-1.4.0.tgz",
      "integrity": "sha1-ce5R+nvkyuwaY4OffmgtgTLTDK8=",
      "requires": {
        "js-tokens": "^3.0.0 || ^4.0.0"
      }
    },
    "lru-cache": {
      "version": "5.1.1",
      "resolved": "https://registry.npm.taobao.org/lru-cache/download/lru-cache-5.1.1.tgz?cache=0&sync_timestamp=1594427784855&other_urls=https%3A%2F%2Fregistry.npm.taobao.org%2Flru-cache%2Fdownload%2Flru-cache-5.1.1.tgz",
      "integrity": "sha1-HaJ+ZxAnGUdpXa9oSOhH8B2EuSA=",
      "dev": true,
      "requires": {
        "yallist": "^3.0.2"
      }
    },
    "magic-string": {
      "version": "0.25.7",
      "resolved": "https://registry.npm.taobao.org/magic-string/download/magic-string-0.25.7.tgz",
      "integrity": "sha1-P0l9b9NMZpxnmNy4IfLvMfVEUFE=",
      "dev": true,
      "requires": {
        "sourcemap-codec": "^1.4.4"
      }
    },
    "merge-source-map": {
      "version": "1.1.0",
      "resolved": "https://registry.npm.taobao.org/merge-source-map/download/merge-source-map-1.1.0.tgz",
      "integrity": "sha1-L93n5gIJOfcJBqaPLXrmheTIxkY=",
      "dev": true,
      "requires": {
        "source-map": "^0.6.1"
      }
    },
    "minimist": {
      "version": "1.2.5",
      "resolved": "https://registry.npm.taobao.org/minimist/download/minimist-1.2.5.tgz",
      "integrity": "sha1-Z9ZgFLZqaoqqDAg8X9WN9OTpdgI=",
      "dev": true
    },
    "mitt": {
      "version": "2.1.0",
      "resolved": "https://registry.npm.taobao.org/mitt/download/mitt-2.1.0.tgz",
      "integrity": "sha1-90BXfCMXbGIFsSGylzUU6t4bIjA="
    },
    "moment": {
      "version": "2.29.1",
      "resolved": "https://registry.npm.taobao.org/moment/download/moment-2.29.1.tgz?cache=0&sync_timestamp=1601983717342&other_urls=https%3A%2F%2Fregistry.npm.taobao.org%2Fmoment%2Fdownload%2Fmoment-2.29.1.tgz",
      "integrity": "sha1-sr52n6MZQL6e7qZGnAdeNQBvo9M="
    },
    "nanoid": {
      "version": "3.1.20",
      "resolved": "https://registry.npm.taobao.org/nanoid/download/nanoid-3.1.20.tgz",
      "integrity": "sha1-utwmPGsdzxS3HvqoX2q0wdbPx4g=",
      "dev": true
    },
    "nanopop": {
      "version": "2.1.0",
      "resolved": "https://registry.npm.taobao.org/nanopop/download/nanopop-2.1.0.tgz",
      "integrity": "sha1-I0dlE87iQFiIr9LopLVAZrcLnmA="
    },
    "normalize-wheel": {
      "version": "1.0.1",
      "resolved": "https://registry.npm.taobao.org/normalize-wheel/download/normalize-wheel-1.0.1.tgz",
      "integrity": "sha1-rsiGr/2wRQcNhWRH32Ls+GFG7EU="
    },
    "omit.js": {
      "version": "2.0.2",
      "resolved": "https://registry.npm.taobao.org/omit.js/download/omit.js-2.0.2.tgz",
      "integrity": "sha1-3ZuENvq5R6Xz/yFMslOGMeMT7C8="
    },
    "path-parse": {
      "version": "1.0.6",
      "resolved": "https://registry.npm.taobao.org/path-parse/download/path-parse-1.0.6.tgz",
      "integrity": "sha1-1i27VnlAXXLEc37FhgDp3c8G0kw=",
      "dev": true
    },
    "postcss": {
      "version": "7.0.35",
      "resolved": "https://registry.npm.taobao.org/postcss/download/postcss-7.0.35.tgz",
      "integrity": "sha1-0r4AuZj38hHYonaXQHny6SuXDiQ=",
      "dev": true,
      "requires": {
        "chalk": "^2.4.2",
        "source-map": "^0.6.1",
        "supports-color": "^6.1.0"
      }
    },
    "postcss-modules": {
      "version": "3.2.2",
      "resolved": "https://registry.npm.taobao.org/postcss-modules/download/postcss-modules-3.2.2.tgz",
      "integrity": "sha1-7jkN4PnxjnYeF3jfub4maFwCxR8=",
      "dev": true,
      "requires": {
        "generic-names": "^2.0.1",
        "icss-replace-symbols": "^1.1.0",
        "lodash.camelcase": "^4.3.0",
        "postcss": "^7.0.32",
        "postcss-modules-extract-imports": "^2.0.0",
        "postcss-modules-local-by-default": "^3.0.2",
        "postcss-modules-scope": "^2.2.0",
        "postcss-modules-values": "^3.0.0",
        "string-hash": "^1.1.1"
      }
    },
    "postcss-modules-extract-imports": {
      "version": "2.0.0",
      "resolved": "https://registry.npm.taobao.org/postcss-modules-extract-imports/download/postcss-modules-extract-imports-2.0.0.tgz",
      "integrity": "sha1-gYcZoa4doyX5gyRGsBE27rSTzX4=",
      "dev": true,
      "requires": {
        "postcss": "^7.0.5"
      }
    },
    "postcss-modules-local-by-default": {
      "version": "3.0.3",
      "resolved": "https://registry.npm.taobao.org/postcss-modules-local-by-default/download/postcss-modules-local-by-default-3.0.3.tgz",
      "integrity": "sha1-uxTgzHgnnVBNvcv9fgyiiZP/u7A=",
      "dev": true,
      "requires": {
        "icss-utils": "^4.1.1",
        "postcss": "^7.0.32",
        "postcss-selector-parser": "^6.0.2",
        "postcss-value-parser": "^4.1.0"
      }
    },
    "postcss-modules-scope": {
      "version": "2.2.0",
      "resolved": "https://registry.npm.taobao.org/postcss-modules-scope/download/postcss-modules-scope-2.2.0.tgz",
      "integrity": "sha1-OFyuATzHdD9afXYC0Qc6iequYu4=",
      "dev": true,
      "requires": {
        "postcss": "^7.0.6",
        "postcss-selector-parser": "^6.0.0"
      }
    },
    "postcss-modules-values": {
      "version": "3.0.0",
      "resolved": "https://registry.npm.taobao.org/postcss-modules-values/download/postcss-modules-values-3.0.0.tgz",
      "integrity": "sha1-W1AA1uuuKbQlUwG0o6VFdEI+fxA=",
      "dev": true,
      "requires": {
        "icss-utils": "^4.0.0",
        "postcss": "^7.0.6"
      }
    },
    "postcss-selector-parser": {
      "version": "6.0.4",
      "resolved": "https://registry.npm.taobao.org/postcss-selector-parser/download/postcss-selector-parser-6.0.4.tgz",
      "integrity": "sha1-VgdaE4CgRgTDiwY+p3Z6Epr1wrM=",
      "dev": true,
      "requires": {
        "cssesc": "^3.0.0",
        "indexes-of": "^1.0.1",
        "uniq": "^1.0.1",
        "util-deprecate": "^1.0.2"
      }
    },
    "postcss-value-parser": {
      "version": "4.1.0",
      "resolved": "https://registry.npm.taobao.org/postcss-value-parser/download/postcss-value-parser-4.1.0.tgz",
      "integrity": "sha1-RD9qIM7WSBor2k+oUypuVdeJoss=",
      "dev": true
    },
    "regenerator-runtime": {
      "version": "0.13.7",
      "resolved": "https://registry.npm.taobao.org/regenerator-runtime/download/regenerator-runtime-0.13.7.tgz",
      "integrity": "sha1-ysLazIoepnX+qrrriugziYrkb1U="
    },
    "resize-observer-polyfill": {
      "version": "1.5.1",
      "resolved": "https://registry.npm.taobao.org/resize-observer-polyfill/download/resize-observer-polyfill-1.5.1.tgz",
      "integrity": "sha1-DpAg3T0hAkRY1OvSfiPkAmmBBGQ="
    },
    "resolve": {
      "version": "1.19.0",
      "resolved": "https://registry.npm.taobao.org/resolve/download/resolve-1.19.0.tgz",
      "integrity": "sha1-GvW/YwQJc0oGfK4pMYqsf6KaJnw=",
      "dev": true,
      "requires": {
        "is-core-module": "^2.1.0",
        "path-parse": "^1.0.6"
      }
    },
    "rollup": {
      "version": "2.36.1",
      "resolved": "https://registry.npm.taobao.org/rollup/download/rollup-2.36.1.tgz",
      "integrity": "sha1-IXTwwlx7QA1XsFYo0Ocyx66NIXg=",
      "dev": true,
      "requires": {
        "fsevents": "~2.1.2"
      }
    },
    "scroll-into-view-if-needed": {
      "version": "2.2.26",
      "resolved": "https://registry.npm.taobao.org/scroll-into-view-if-needed/download/scroll-into-view-if-needed-2.2.26.tgz",
      "integrity": "sha1-5JF9oMggE1/2Wtb35LfXr1aMTxM=",
      "requires": {
        "compute-scroll-into-view": "^1.0.16"
      }
    },
    "shallow-equal": {
      "version": "1.2.1",
      "resolved": "https://registry.npm.taobao.org/shallow-equal/download/shallow-equal-1.2.1.tgz",
      "integrity": "sha1-TBar+lYEOqINBQMk76aJQLDaedo="
    },
    "source-map": {
      "version": "0.6.1",
      "resolved": "https://registry.npm.taobao.org/source-map/download/source-map-0.6.1.tgz",
      "integrity": "sha1-dHIq8y6WFOnCh6jQu95IteLxomM="
    },
    "sourcemap-codec": {
      "version": "1.4.8",
      "resolved": "https://registry.npm.taobao.org/sourcemap-codec/download/sourcemap-codec-1.4.8.tgz",
      "integrity": "sha1-6oBL2UhXQC5pktBaOO8a41qatMQ=",
      "dev": true
    },
    "string-hash": {
      "version": "1.1.3",
      "resolved": "https://registry.npm.taobao.org/string-hash/download/string-hash-1.1.3.tgz",
      "integrity": "sha1-6Kr8CsGFW0Zmkp7X3RJ1311sgRs=",
      "dev": true
    },
    "supports-color": {
      "version": "6.1.0",
      "resolved": "https://registry.npm.taobao.org/supports-color/download/supports-color-6.1.0.tgz",
      "integrity": "sha1-B2Srxpxj1ayELdSGfo0CXogN+PM=",
      "dev": true,
      "requires": {
        "has-flag": "^3.0.0"
      }
    },
    "to-fast-properties": {
      "version": "2.0.0",
      "resolved": "https://registry.npm.taobao.org/to-fast-properties/download/to-fast-properties-2.0.0.tgz",
      "integrity": "sha1-3F5pjL0HkmW8c+A3doGk5Og/YW4="
    },
    "uniq": {
      "version": "1.0.1",
      "resolved": "https://registry.npm.taobao.org/uniq/download/uniq-1.0.1.tgz",
      "integrity": "sha1-sxxa6CVIRKOoKBVBzisEuGWnNP8=",
      "dev": true
    },
    "util-deprecate": {
      "version": "1.0.2",
      "resolved": "https://registry.npm.taobao.org/util-deprecate/download/util-deprecate-1.0.2.tgz",
      "integrity": "sha1-RQ1Nyfpw3nMnYvvS1KKJgUGaDM8=",
      "dev": true
    },
    "vant": {
      "version": "3.0.3",
      "resolved": "https://registry.npm.taobao.org/vant/download/vant-3.0.3.tgz",
      "integrity": "sha1-vz6wpMl+z6GfSPAMWxn2boqGtS4=",
      "requires": {
        "@babel/runtime": "7.x",
        "@vant/icons": "^1.5.0",
        "@vant/lazyload": "^1.0.2",
        "@vant/popperjs": "^1.0.2",
        "@vant/use": "^1.0.2"
      }
    },
    "vite": {
      "version": "2.0.0-beta.30",
      "resolved": "https://registry.npm.taobao.org/vite/download/vite-2.0.0-beta.30.tgz",
      "integrity": "sha1-0MEFbR+wXEiWFDYPkjY+6+xBprQ=",
      "dev": true,
      "requires": {
        "esbuild": "^0.8.26",
        "fsevents": "~2.1.2",
        "postcss": "^8.2.1",
        "resolve": "^1.19.0",
        "rollup": "^2.35.1"
      },
      "dependencies": {
        "postcss": {
          "version": "8.2.4",
          "resolved": "https://registry.npm.taobao.org/postcss/download/postcss-8.2.4.tgz",
          "integrity": "sha1-IKmKOc8wPRUSnChlqew37aADHQQ=",
          "dev": true,
          "requires": {
            "colorette": "^1.2.1",
            "nanoid": "^3.1.20",
            "source-map": "^0.6.1"
          }
        }
      }
    },
    "vue": {
      "version": "3.0.5",
      "resolved": "https://registry.npm.taobao.org/vue/download/vue-3.0.5.tgz?cache=0&sync_timestamp=1609359858533&other_urls=https%3A%2F%2Fregistry.npm.taobao.org%2Fvue%2Fdownload%2Fvue-3.0.5.tgz",
      "integrity": "sha1-3huC66JKv+ceCXD8m41LK6vcP+E=",
      "requires": {
        "@vue/compiler-dom": "3.0.5",
        "@vue/runtime-dom": "3.0.5",
        "@vue/shared": "3.0.5"
      }
    },
    "vue-types": {
      "version": "3.0.1",
      "resolved": "https://registry.npm.taobao.org/vue-types/download/vue-types-3.0.1.tgz",
      "integrity": "sha1-IOm6roZz3oCT0KmJI0aV0I1US+A=",
      "requires": {
        "is-plain-object": "3.0.1"
      }
    },
    "warning": {
      "version": "4.0.3",
      "resolved": "https://registry.npm.taobao.org/warning/download/warning-4.0.3.tgz",
      "integrity": "sha1-Fungd+uKhtavfWSqHgX9hbRnjKM=",
      "requires": {
        "loose-envify": "^1.0.0"
      }
    },
    "yallist": {
      "version": "3.1.1",
      "resolved": "https://registry.npm.taobao.org/yallist/download/yallist-3.1.1.tgz?cache=0&sync_timestamp=1569874223546&other_urls=https%3A%2F%2Fregistry.npm.taobao.org%2Fyallist%2Fdownload%2Fyallist-3.1.1.tgz",
      "integrity": "sha1-27fa+b/YusmrRev2ArjLrQ1dCP0=",
      "dev": true
    }
  }
}
